// !$*UTF8*$!
{
	archiveVersion = 1;
	classes = {
	};
	objectVersion = 46;
	objects = {

/* Begin PBXBuildFile section */
		985761A11D28119100F278BE /* main.m in Sources */ = {isa = PBXBuildFile; fileRef = 985761A01D28119100F278BE /* main.m */; };
		985761A41D28119100F278BE /* AppDelegate.m in Sources */ = {isa = PBXBuildFile; fileRef = 985761A31D28119100F278BE /* AppDelegate.m */; };
		985761A71D28119100F278BE /* ViewController.m in Sources */ = {isa = PBXBuildFile; fileRef = 985761A61D28119100F278BE /* ViewController.m */; };
		985761AA1D28119100F278BE /* Main.storyboard in Resources */ = {isa = PBXBuildFile; fileRef = 985761A81D28119100F278BE /* Main.storyboard */; };
		985761AC1D28119100F278BE /* Assets.xcassets in Resources */ = {isa = PBXBuildFile; fileRef = 985761AB1D28119100F278BE /* Assets.xcassets */; };
		985761AF1D28119100F278BE /* LaunchScreen.storyboard in Resources */ = {isa = PBXBuildFile; fileRef = 985761AD1D28119100F278BE /* LaunchScreen.storyboard */; };
		985761B91D2822D000F278BE /* BLSplitterDelegate.m in Sources */ = {isa = PBXBuildFile; fileRef = 985761B81D2822D000F278BE /* BLSplitterDelegate.m */; };
		985761BC1D28271000F278BE /* BLSubviewLayoutAttributes.m in Sources */ = {isa = PBXBuildFile; fileRef = 985761BB1D28271000F278BE /* BLSubviewLayoutAttributes.m */; };
		985761BF1D282A8800F278BE /* UIView+BLSubview.m in Sources */ = {isa = PBXBuildFile; fileRef = 985761BE1D282A8800F278BE /* UIView+BLSubview.m */; };
		98A38EF01D28DB8A00E03C90 /* BLAnimatableNavBar.m in Sources */ = {isa = PBXBuildFile; fileRef = 98A38EEF1D28DB8A00E03C90 /* BLAnimatableNavBar.m */; };
		98A38EF31D28DBE900E03C90 /* BLAnimatableNavBarBehavior.m in Sources */ = {isa = PBXBuildFile; fileRef = 98A38EF21D28DBE900E03C90 /* BLAnimatableNavBarBehavior.m */; };
		98A38EF61D28F0E800E03C90 /* BLImageStyleBehavior.m in Sources */ = {isa = PBXBuildFile; fileRef = 98A38EF51D28F0E800E03C90 /* BLImageStyleBehavior.m */; };
		98A38EFB1D2915B000E03C90 /* BLTabTitleCell.m in Sources */ = {isa = PBXBuildFile; fileRef = 98A38EFA1D2915B000E03C90 /* BLTabTitleCell.m */; };
		98A38EFE1D29162A00E03C90 /* BLPagerController.m in Sources */ = {isa = PBXBuildFile; fileRef = 98A38EFD1D29162A00E03C90 /* BLPagerController.m */; };
		98A38F011D291E2600E03C90 /* BLTabPagerController.m in Sources */ = {isa = PBXBuildFile; fileRef = 98A38F001D291E2600E03C90 /* BLTabPagerController.m */; };
		98A38F041D291E9C00E03C90 /* BLTabButtonPagerController.m in Sources */ = {isa = PBXBuildFile; fileRef = 98A38F031D291E9C00E03C90 /* BLTabButtonPagerController.m */; };
		98A38F071D293CC600E03C90 /* BLCustomPagerController.m in Sources */ = {isa = PBXBuildFile; fileRef = 98A38F061D293CC600E03C90 /* BLCustomPagerController.m */; };
		98A38F0E1D293ECF00E03C90 /* CollectionViewController.m in Sources */ = {isa = PBXBuildFile; fileRef = 98A38F091D293ECF00E03C90 /* CollectionViewController.m */; };
		98A38F131D293F0000E03C90 /* ListViewController.m in Sources */ = {isa = PBXBuildFile; fileRef = 98A38F121D293F0000E03C90 /* ListViewController.m */; };
		98A38F161D293F9100E03C90 /* CustomViewController.m in Sources */ = {isa = PBXBuildFile; fileRef = 98A38F151D293F9100E03C90 /* CustomViewController.m */; };
		98A38F191D29560900E03C90 /* BLCustomBar.m in Sources */ = {isa = PBXBuildFile; fileRef = 98A38F181D29560900E03C90 /* BLCustomBar.m */; };
/* End PBXBuildFile section */

/* Begin PBXFileReference section */
		9857619C1D28119100F278BE /* AnimatableNavBar.app */ = {isa = PBXFileReference; explicitFileType = wrapper.application; includeInIndex = 0; path = AnimatableNavBar.app; sourceTree = BUILT_PRODUCTS_DIR; };
		985761A01D28119100F278BE /* main.m */ = {isa = PBXFileReference; lastKnownFileType = sourcecode.c.objc; path = main.m; sourceTree = "<group>"; };
		985761A21D28119100F278BE /* AppDelegate.h */ = {isa = PBXFileReference; lastKnownFileType = sourcecode.c.h; path = AppDelegate.h; sourceTree = "<group>"; };
		985761A31D28119100F278BE /* AppDelegate.m */ = {isa = PBXFileReference; lastKnownFileType = sourcecode.c.objc; path = AppDelegate.m; sourceTree = "<group>"; };
		985761A51D28119100F278BE /* ViewController.h */ = {isa = PBXFileReference; lastKnownFileType = sourcecode.c.h; path = ViewController.h; sourceTree = "<group>"; };
		985761A61D28119100F278BE /* ViewController.m */ = {isa = PBXFileReference; lastKnownFileType = sourcecode.c.objc; path = ViewController.m; sourceTree = "<group>"; };
		985761A91D28119100F278BE /* Base */ = {isa = PBXFileReference; lastKnownFileType = file.storyboard; name = Base; path = Base.lproj/Main.storyboard; sourceTree = "<group>"; };
		985761AB1D28119100F278BE /* Assets.xcassets */ = {isa = PBXFileReference; lastKnownFileType = folder.assetcatalog; path = Assets.xcassets; sourceTree = "<group>"; };
		985761AE1D28119100F278BE /* Base */ = {isa = PBXFileReference; lastKnownFileType = file.storyboard; name = Base; path = Base.lproj/LaunchScreen.storyboard; sourceTree = "<group>"; };
		985761B01D28119100F278BE /* Info.plist */ = {isa = PBXFileReference; lastKnownFileType = text.plist.xml; path = Info.plist; sourceTree = "<group>"; };
		985761B71D2822D000F278BE /* BLSplitterDelegate.h */ = {isa = PBXFileReference; fileEncoding = 4; lastKnownFileType = sourcecode.c.h; path = BLSplitterDelegate.h; sourceTree = "<group>"; };
		985761B81D2822D000F278BE /* BLSplitterDelegate.m */ = {isa = PBXFileReference; fileEncoding = 4; lastKnownFileType = sourcecode.c.objc; path = BLSplitterDelegate.m; sourceTree = "<group>"; };
		985761BA1D28271000F278BE /* BLSubviewLayoutAttributes.h */ = {isa = PBXFileReference; fileEncoding = 4; lastKnownFileType = sourcecode.c.h; path = BLSubviewLayoutAttributes.h; sourceTree = "<group>"; };
		985761BB1D28271000F278BE /* BLSubviewLayoutAttributes.m */ = {isa = PBXFileReference; fileEncoding = 4; lastKnownFileType = sourcecode.c.objc; path = BLSubviewLayoutAttributes.m; sourceTree = "<group>"; };
		985761BD1D282A8800F278BE /* UIView+BLSubview.h */ = {isa = PBXFileReference; fileEncoding = 4; lastKnownFileType = sourcecode.c.h; path = "UIView+BLSubview.h"; sourceTree = "<group>"; };
		985761BE1D282A8800F278BE /* UIView+BLSubview.m */ = {isa = PBXFileReference; fileEncoding = 4; lastKnownFileType = sourcecode.c.objc; path = "UIView+BLSubview.m"; sourceTree = "<group>"; };
		98A38EEE1D28DB8A00E03C90 /* BLAnimatableNavBar.h */ = {isa = PBXFileReference; fileEncoding = 4; lastKnownFileType = sourcecode.c.h; path = BLAnimatableNavBar.h; sourceTree = "<group>"; };
		98A38EEF1D28DB8A00E03C90 /* BLAnimatableNavBar.m */ = {isa = PBXFileReference; fileEncoding = 4; lastKnownFileType = sourcecode.c.objc; path = BLAnimatableNavBar.m; sourceTree = "<group>"; };
		98A38EF11D28DBE900E03C90 /* BLAnimatableNavBarBehavior.h */ = {isa = PBXFileReference; fileEncoding = 4; lastKnownFileType = sourcecode.c.h; path = BLAnimatableNavBarBehavior.h; sourceTree = "<group>"; };
		98A38EF21D28DBE900E03C90 /* BLAnimatableNavBarBehavior.m */ = {isa = PBXFileReference; fileEncoding = 4; lastKnownFileType = sourcecode.c.objc; path = BLAnimatableNavBarBehavior.m; sourceTree = "<group>"; };
		98A38EF41D28F0E800E03C90 /* BLImageStyleBehavior.h */ = {isa = PBXFileReference; fileEncoding = 4; lastKnownFileType = sourcecode.c.h; path = BLImageStyleBehavior.h; sourceTree = "<group>"; };
		98A38EF51D28F0E800E03C90 /* BLImageStyleBehavior.m */ = {isa = PBXFileReference; fileEncoding = 4; lastKnownFileType = sourcecode.c.objc; path = BLImageStyleBehavior.m; sourceTree = "<group>"; };
		98A38EF81D29157500E03C90 /* BLTabTitleCellProtocol.h */ = {isa = PBXFileReference; fileEncoding = 4; lastKnownFileType = sourcecode.c.h; path = BLTabTitleCellProtocol.h; sourceTree = "<group>"; };
		98A38EF91D2915B000E03C90 /* BLTabTitleCell.h */ = {isa = PBXFileReference; fileEncoding = 4; lastKnownFileType = sourcecode.c.h; path = BLTabTitleCell.h; sourceTree = "<group>"; };
		98A38EFA1D2915B000E03C90 /* BLTabTitleCell.m */ = {isa = PBXFileReference; fileEncoding = 4; lastKnownFileType = sourcecode.c.objc; path = BLTabTitleCell.m; sourceTree = "<group>"; };
		98A38EFC1D29162A00E03C90 /* BLPagerController.h */ = {isa = PBXFileReference; fileEncoding = 4; lastKnownFileType = sourcecode.c.h; path = BLPagerController.h; sourceTree = "<group>"; };
		98A38EFD1D29162A00E03C90 /* BLPagerController.m */ = {isa = PBXFileReference; fileEncoding = 4; lastKnownFileType = sourcecode.c.objc; path = BLPagerController.m; sourceTree = "<group>"; };
		98A38EFF1D291E2600E03C90 /* BLTabPagerController.h */ = {isa = PBXFileReference; fileEncoding = 4; lastKnownFileType = sourcecode.c.h; path = BLTabPagerController.h; sourceTree = "<group>"; };
		98A38F001D291E2600E03C90 /* BLTabPagerController.m */ = {isa = PBXFileReference; fileEncoding = 4; lastKnownFileType = sourcecode.c.objc; path = BLTabPagerController.m; sourceTree = "<group>"; };
		98A38F021D291E9C00E03C90 /* BLTabButtonPagerController.h */ = {isa = PBXFileReference; fileEncoding = 4; lastKnownFileType = sourcecode.c.h; path = BLTabButtonPagerController.h; sourceTree = "<group>"; };
		98A38F031D291E9C00E03C90 /* BLTabButtonPagerController.m */ = {isa = PBXFileReference; fileEncoding = 4; lastKnownFileType = sourcecode.c.objc; path = BLTabButtonPagerController.m; sourceTree = "<group>"; };
		98A38F051D293CC600E03C90 /* BLCustomPagerController.h */ = {isa = PBXFileReference; fileEncoding = 4; lastKnownFileType = sourcecode.c.h; path = BLCustomPagerController.h; sourceTree = "<group>"; };
		98A38F061D293CC600E03C90 /* BLCustomPagerController.m */ = {isa = PBXFileReference; fileEncoding = 4; lastKnownFileType = sourcecode.c.objc; path = BLCustomPagerController.m; sourceTree = "<group>"; };
		98A38F081D293ECF00E03C90 /* CollectionViewController.h */ = {isa = PBXFileReference; fileEncoding = 4; lastKnownFileType = sourcecode.c.h; path = CollectionViewController.h; sourceTree = "<group>"; };
		98A38F091D293ECF00E03C90 /* CollectionViewController.m */ = {isa = PBXFileReference; fileEncoding = 4; lastKnownFileType = sourcecode.c.objc; path = CollectionViewController.m; sourceTree = "<group>"; };
		98A38F111D293F0000E03C90 /* ListViewController.h */ = {isa = PBXFileReference; fileEncoding = 4; lastKnownFileType = sourcecode.c.h; path = ListViewController.h; sourceTree = "<group>"; };
		98A38F121D293F0000E03C90 /* ListViewController.m */ = {isa = PBXFileReference; fileEncoding = 4; lastKnownFileType = sourcecode.c.objc; path = ListViewController.m; sourceTree = "<group>"; };
		98A38F141D293F9100E03C90 /* CustomViewController.h */ = {isa = PBXFileReference; fileEncoding = 4; lastKnownFileType = sourcecode.c.h; path = CustomViewController.h; sourceTree = "<group>"; };
		98A38F151D293F9100E03C90 /* CustomViewController.m */ = {isa = PBXFileReference; fileEncoding = 4; lastKnownFileType = sourcecode.c.objc; path = CustomViewController.m; sourceTree = "<group>"; };
		98A38F171D29560900E03C90 /* BLCustomBar.h */ = {isa = PBXFileReference; fileEncoding = 4; lastKnownFileType = sourcecode.c.h; path = BLCustomBar.h; sourceTree = "<group>"; };
		98A38F181D29560900E03C90 /* BLCustomBar.m */ = {isa = PBXFileReference; fileEncoding = 4; lastKnownFileType = sourcecode.c.objc; path = BLCustomBar.m; sourceTree = "<group>"; };
/* End PBXFileReference section */

/* Begin PBXFrameworksBuildPhase section */
		985761991D28119100F278BE /* Frameworks */ = {
			isa = PBXFrameworksBuildPhase;
			buildActionMask = 2147483647;
			files = (
			);
			runOnlyForDeploymentPostprocessing = 0;
		};
/* End PBXFrameworksBuildPhase section */

/* Begin PBXGroup section */
		985761931D28119100F278BE = {
			isa = PBXGroup;
			children = (
				98A38EF71D29153B00E03C90 /* PagerController */,
				985761B61D28188400F278BE /* AnimatableNavBar */,
				9857619E1D28119100F278BE /* AnimatableNavBarDemo */,
				9857619D1D28119100F278BE /* Products */,
			);
			sourceTree = "<group>";
		};
		9857619D1D28119100F278BE /* Products */ = {
			isa = PBXGroup;
			children = (
				9857619C1D28119100F278BE /* AnimatableNavBar.app */,
			);
			name = Products;
			sourceTree = "<group>";
		};
		9857619E1D28119100F278BE /* AnimatableNavBarDemo */ = {
			isa = PBXGroup;
			children = (
				985761A21D28119100F278BE /* AppDelegate.h */,
				985761A31D28119100F278BE /* AppDelegate.m */,
				985761A51D28119100F278BE /* ViewController.h */,
				985761A61D28119100F278BE /* ViewController.m */,
				98A38F051D293CC600E03C90 /* BLCustomPagerController.h */,
				98A38F061D293CC600E03C90 /* BLCustomPagerController.m */,
				98A38F171D29560900E03C90 /* BLCustomBar.h */,
				98A38F181D29560900E03C90 /* BLCustomBar.m */,
				98A38F141D293F9100E03C90 /* CustomViewController.h */,
				98A38F151D293F9100E03C90 /* CustomViewController.m */,
				98A38F081D293ECF00E03C90 /* CollectionViewController.h */,
				98A38F091D293ECF00E03C90 /* CollectionViewController.m */,
				98A38F111D293F0000E03C90 /* ListViewController.h */,
				98A38F121D293F0000E03C90 /* ListViewController.m */,
				985761A81D28119100F278BE /* Main.storyboard */,
				985761AB1D28119100F278BE /* Assets.xcassets */,
				985761AD1D28119100F278BE /* LaunchScreen.storyboard */,
				985761B01D28119100F278BE /* Info.plist */,
				9857619F1D28119100F278BE /* Supporting Files */,
			);
			path = AnimatableNavBarDemo;
			sourceTree = "<group>";
		};
		9857619F1D28119100F278BE /* Supporting Files */ = {
			isa = PBXGroup;
			children = (
				985761A01D28119100F278BE /* main.m */,
			);
			name = "Supporting Files";
			sourceTree = "<group>";
		};
		985761B61D28188400F278BE /* AnimatableNavBar */ = {
			isa = PBXGroup;
			children = (
				98A38EEE1D28DB8A00E03C90 /* BLAnimatableNavBar.h */,
				98A38EEF1D28DB8A00E03C90 /* BLAnimatableNavBar.m */,
				98A38EF11D28DBE900E03C90 /* BLAnimatableNavBarBehavior.h */,
				98A38EF21D28DBE900E03C90 /* BLAnimatableNavBarBehavior.m */,
				98A38EF41D28F0E800E03C90 /* BLImageStyleBehavior.h */,
				98A38EF51D28F0E800E03C90 /* BLImageStyleBehavior.m */,
				985761B71D2822D000F278BE /* BLSplitterDelegate.h */,
				985761B81D2822D000F278BE /* BLSplitterDelegate.m */,
				985761BA1D28271000F278BE /* BLSubviewLayoutAttributes.h */,
				985761BB1D28271000F278BE /* BLSubviewLayoutAttributes.m */,
				985761BD1D282A8800F278BE /* UIView+BLSubview.h */,
				985761BE1D282A8800F278BE /* UIView+BLSubview.m */,
			);
			path = AnimatableNavBar;
			sourceTree = "<group>";
		};
		98A38EF71D29153B00E03C90 /* PagerController */ = {
			isa = PBXGroup;
			children = (
				98A38EF81D29157500E03C90 /* BLTabTitleCellProtocol.h */,
				98A38EF91D2915B000E03C90 /* BLTabTitleCell.h */,
				98A38EFA1D2915B000E03C90 /* BLTabTitleCell.m */,
				98A38EFC1D29162A00E03C90 /* BLPagerController.h */,
				98A38EFD1D29162A00E03C90 /* BLPagerController.m */,
				98A38EFF1D291E2600E03C90 /* BLTabPagerController.h */,
				98A38F001D291E2600E03C90 /* BLTabPagerController.m */,
				98A38F021D291E9C00E03C90 /* BLTabButtonPagerController.h */,
				98A38F031D291E9C00E03C90 /* BLTabButtonPagerController.m */,
			);
			path = PagerController;
			sourceTree = "<group>";
		};
/* End PBXGroup section */

/* Begin PBXNativeTarget section */
		9857619B1D28119100F278BE /* AnimatableNavBar */ = {
			isa = PBXNativeTarget;
			buildConfigurationList = 985761B31D28119100F278BE /* Build configuration list for PBXNativeTarget "AnimatableNavBar" */;
			buildPhases = (
				985761981D28119100F278BE /* Sources */,
				985761991D28119100F278BE /* Frameworks */,
				9857619A1D28119100F278BE /* Resources */,
			);
			buildRules = (
			);
			dependencies = (
			);
			name = AnimatableNavBar;
			productName = AnimatableNavBarDemo;
			productReference = 9857619C1D28119100F278BE /* AnimatableNavBar.app */;
			productType = "com.apple.product-type.application";
		};
/* End PBXNativeTarget section */

/* Begin PBXProject section */
		985761941D28119100F278BE /* Project object */ = {
			isa = PBXProject;
			attributes = {
				CLASSPREFIX = BL;
				LastUpgradeCheck = 0730;
				ORGANIZATIONNAME = Belle;
				TargetAttributes = {
					9857619B1D28119100F278BE = {
						CreatedOnToolsVersion = 7.3.1;
					};
				};
			};
			buildConfigurationList = 985761971D28119100F278BE /* Build configuration list for PBXProject "AnimatableNavBar" */;
			compatibilityVersion = "Xcode 3.2";
			developmentRegion = English;
			hasScannedForEncodings = 0;
			knownRegions = (
				en,
				Base,
			);
			mainGroup = 985761931D28119100F278BE;
			productRefGroup = 9857619D1D28119100F278BE /* Products */;
			projectDirPath = "";
			projectRoot = "";
			targets = (
				9857619B1D28119100F278BE /* AnimatableNavBar */,
			);
		};
/* End PBXProject section */

/* Begin PBXResourcesBuildPhase section */
		9857619A1D28119100F278BE /* Resources */ = {
			isa = PBXResourcesBuildPhase;
			buildActionMask = 2147483647;
			files = (
				985761AF1D28119100F278BE /* LaunchScreen.storyboard in Resources */,
				985761AC1D28119100F278BE /* Assets.xcassets in Resources */,
				985761AA1D28119100F278BE /* Main.storyboard in Resources */,
			);
			runOnlyForDeploymentPostprocessing = 0;
		};
/* End PBXResourcesBuildPhase section */

/* Begin PBXSourcesBuildPhase section */
		985761981D28119100F278BE /* Sources */ = {
			isa = PBXSourcesBuildPhase;
			buildActionMask = 2147483647;
			files = (
				98A38F041D291E9C00E03C90 /* BLTabButtonPagerController.m in Sources */,
				98A38EF01D28DB8A00E03C90 /* BLAnimatableNavBar.m in Sources */,
				98A38F131D293F0000E03C90 /* ListViewController.m in Sources */,
				98A38F011D291E2600E03C90 /* BLTabPagerController.m in Sources */,
				98A38EF61D28F0E800E03C90 /* BLImageStyleBehavior.m in Sources */,
				98A38F071D293CC600E03C90 /* BLCustomPagerController.m in Sources */,
				98A38F191D29560900E03C90 /* BLCustomBar.m in Sources */,
				98A38EFB1D2915B000E03C90 /* BLTabTitleCell.m in Sources */,
				985761BC1D28271000F278BE /* BLSubviewLayoutAttributes.m in Sources */,
				985761A71D28119100F278BE /* ViewController.m in Sources */,
				98A38F0E1D293ECF00E03C90 /* CollectionViewController.m in Sources */,
				985761BF1D282A8800F278BE /* UIView+BLSubview.m in Sources */,
				985761A41D28119100F278BE /* AppDelegate.m in Sources */,
				98A38F161D293F9100E03C90 /* CustomViewController.m in Sources */,
				98A38EFE1D29162A00E03C90 /* BLPagerController.m in Sources */,
				98A38EF31D28DBE900E03C90 /* BLAnimatableNavBarBehavior.m in Sources */,
				985761A11D28119100F278BE /* main.m in Sources */,
				985761B91D2822D000F278BE /* BLSplitterDelegate.m in Sources */,
			);
			runOnlyForDeploymentPostprocessing = 0;
		};
/* End PBXSourcesBuildPhase section */

/* Begin PBXVariantGroup section */
		985761A81D28119100F278BE /* Main.storyboard */ = {
			isa = PBXVariantGroup;
			children = (
				985761A91D28119100F278BE /* Base */,
			);
			name = Main.storyboard;
			sourceTree = "<group>";
		};
		985761AD1D28119100F278BE /* LaunchScreen.storyboard */ = {
			isa = PBXVariantGroup;
			children = (
				985761AE1D28119100F278BE /* Base */,
			);
			name = LaunchScreen.storyboard;
			sourceTree = "<group>";
		};
/* End PBXVariantGroup section */

/* Begin XCBuildConfiguration section */
		985761B11D28119100F278BE /* Debug */ = {
			isa = XCBuildConfiguration;
			buildSettings = {
				ALWAYS_SEARCH_USER_PATHS = NO;
				CLANG_ANALYZER_NONNULL = YES;
				CLANG_CXX_LANGUAGE_STANDARD = "gnu++0x";
				CLANG_CXX_LIBRARY = "libc++";
				CLANG_ENABLE_MODULES = YES;
				CLANG_ENABLE_OBJC_ARC = YES;
				CLANG_WARN_BOOL_CONVERSION = YES;
				CLANG_WARN_CONSTANT_CONVERSION = YES;
				CLANG_WARN_DIRECT_OBJC_ISA_USAGE = YES_ERROR;
				CLANG_WARN_EMPTY_BODY = YES;
				CLANG_WARN_ENUM_CONVERSION = YES;
				CLANG_WARN_INT_CONVERSION = YES;
				CLANG_WARN_OBJC_ROOT_CLASS = YES_ERROR;
				CLANG_WARN_UNREACHABLE_CODE = YES;
				CLANG_WARN__DUPLICATE_METHOD_MATCH = YES;
				"CODE_SIGN_IDENTITY[sdk=iphoneos*]" = "iPhone Developer";
				COPY_PHASE_STRIP = NO;
				DEBUG_INFORMATION_FORMAT = dwarf;
				ENABLE_STRICT_OBJC_MSGSEND = YES;
				ENABLE_TESTABILITY = YES;
				GCC_C_LANGUAGE_STANDARD = gnu99;
				GCC_DYNAMIC_NO_PIC = NO;
				GCC_NO_COMMON_BLOCKS = YES;
				GCC_OPTIMIZATION_LEVEL = 0;
				GCC_PREPROCESSOR_DEFINITIONS = (
					"DEBUG=1",
					"$(inherited)",
				);
				GCC_WARN_64_TO_32_BIT_CONVERSION = YES;
				GCC_WARN_ABOUT_RETURN_TYPE = YES_ERROR;
				GCC_WARN_UNDECLARED_SELECTOR = YES;
				GCC_WARN_UNINITIALIZED_AUTOS = YES_AGGRESSIVE;
				GCC_WARN_UNUSED_FUNCTION = YES;
				GCC_WARN_UNUSED_VARIABLE = YES;
				IPHONEOS_DEPLOYMENT_TARGET = 9.3;
				MTL_ENABLE_DEBUG_INFO = YES;
				ONLY_ACTIVE_ARCH = YES;
				SDKROOT = iphoneos;
			};
			name = Debug;
		};
		985761B21D28119100F278BE /* Release */ = {
			isa = XCBuildConfiguration;
			buildSettings = {
				ALWAYS_SEARCH_USER_PATHS = NO;
				CLANG_ANALYZER_NONNULL = YES;
				CLANG_CXX_LANGUAGE_STANDARD = "gnu++0x";
				CLANG_CXX_LIBRARY = "libc++";
				CLANG_ENABLE_MODULES = YES;
				CLANG_ENABLE_OBJC_ARC = YES;
				CLANG_WARN_BOOL_CONVERSION = YES;
				CLANG_WARN_CONSTANT_CONVERSION = YES;
				CLANG_WARN_DIRECT_OBJC_ISA_USAGE = YES_ERROR;
				CLANG_WARN_EMPTY_BODY = YES;
				CLANG_WARN_ENUM_CONVERSION = YES;
				CLANG_WARN_INT_CONVERSION = YES;
				CLANG_WARN_OBJC_ROOT_CLASS = YES_ERROR;
				CLANG_WARN_UNREACHABLE_CODE = YES;
				CLANG_WARN__DUPLICATE_METHOD_MATCH = YES;
				"CODE_SIGN_IDENTITY[sdk=iphoneos*]" = "iPhone Developer";
				COPY_PHASE_STRIP = NO;
				DEBUG_INFORMATION_FORMAT = "dwarf-with-dsym";
				ENABLE_NS_ASSERTIONS = NO;
				ENABLE_STRICT_OBJC_MSGSEND = YES;
				GCC_C_LANGUAGE_STANDARD = gnu99;
				GCC_NO_COMMON_BLOCKS = YES;
				GCC_WARN_64_TO_32_BIT_CONVERSION = YES;
				GCC_WARN_ABOUT_RETURN_TYPE = YES_ERROR;
				GCC_WARN_UNDECLARED_SELECTOR = YES;
				GCC_WARN_UNINITIALIZED_AUTOS = YES_AGGRESSIVE;
				GCC_WARN_UNUSED_FUNCTION = YES;
				GCC_WARN_UNUSED_VARIABLE = YES;
				IPHONEOS_DEPLOYMENT_TARGET = 9.3;
				MTL_ENABLE_DEBUG_INFO = NO;
				SDKROOT = iphoneos;
				VALIDATE_PRODUCT = YES;
			};
			name = Release;
		};
		985761B41D28119100F278BE /* Debug */ = {
			isa = XCBuildConfiguration;
			buildSettings = {
				ASSETCATALOG_COMPILER_APPICON_NAME = AppIcon;
				INFOPLIST_FILE = AnimatableNavBarDemo/Info.plist;
				IPHONEOS_DEPLOYMENT_TARGET = 7.0;
				LD_RUNPATH_SEARCH_PATHS = "$(inherited) @executable_path/Frameworks";
				PRODUCT_BUNDLE_IDENTIFIER = com.hotbody.AnimatableNavBarDemo;
				PRODUCT_NAME = AnimatableNavBar;
			};
			name = Debug;
		};
		985761B51D28119100F278BE /* Release */ = {
			isa = XCBuildConfiguration;
			buildSettings = {
				ASSETCATALOG_COMPILER_APPICON_NAME = AppIcon;
				INFOPLIST_FILE = AnimatableNavBarDemo/Info.plist;
				IPHONEOS_DEPLOYMENT_TARGET = 7.0;
				LD_RUNPATH_SEARCH_PATHS = "$(inherited) @executable_path/Frameworks";
				PRODUCT_BUNDLE_IDENTIFIER = com.hotbody.AnimatableNavBarDemo;
				PRODUCT_NAME = AnimatableNavBar;
			};
			name = Release;
		};
/* End XCBuildConfiguration section */

/* Begin XCConfigurationList section */
		985761971D28119100F278BE /* Build configuration list for PBXProject "AnimatableNavBar" */ = {
			isa = XCConfigurationList;
			buildConfigurations = (
				985761B11D28119100F278BE /* Debug */,
				985761B21D28119100F278BE /* Release */,
			);
			defaultConfigurationIsVisible = 0;
			defaultConfigurationName = Release;
		};
		985761B31D28119100F278BE /* Build configuration list for PBXNativeTarget "AnimatableNavBar" */ = {
			isa = XCConfigurationList;
			buildConfigurations = (
				985761B41D28119100F278BE /* Debug */,
				985761B51D28119100F278BE /* Release */,
			);
			defaultConfigurationIsVisible = 0;
			defaultConfigurationName = Release;
		};
/* End XCConfigurationList section */
	};
	rootObject = 985761941D28119100F278BE /* Project object */;
}
